
Microsoft Visual Studio Solution File, Format Version 12.00
# Visual Studio Version 16
VisualStudioVersion = 16.0.31410.357
MinimumVisualStudioVersion = 10.0.40219.1
Project("{FAE04EC0-301F-11D3-BF4B-00C04F79EFBC}") = "parking-backend", "parking-backend\parking-backend.csproj", "{E354C38C-34A4-4F25-88F4-A19DAC85D727}"
EndProject
Global
	GlobalSection(SolutionConfigurationPlatforms) = preSolution
		Debug|Any CPU = Debug|Any CPU
		Release|Any CPU = Release|Any CPU
	EndGlobalSection
	GlobalSection(ProjectConfigurationPlatforms) = postSolution
		{E354C38C-34A4-4F25-88F4-A19DAC85D727}.Debug|Any CPU.ActiveCfg = Debug|Any CPU
		{E354C38C-34A4-4F25-88F4-A19DAC85D727}.Debug|Any CPU.Build.0 = Debug|Any CPU
		{E354C38C-34A4-4F25-88F4-A19DAC85D727}.Release|Any CPU.ActiveCfg = Release|Any CPU
		{E354C38C-34A4-4F25-88F4-A19DAC85D727}.Release|Any CPU.Build.0 = Release|Any CPU
	EndGlobalSection
	GlobalSection(SolutionProperties) = preSolution
		HideSolutionNode = FALSE
	EndGlobalSection
	GlobalSection(ExtensibilityGlobals) = postSolution
		SolutionGuid = {D4F69961-A0FC-4E06-9447-F0B80EED0065}
	EndGlobalSection
EndGlobal
